
Microsoft Visual Studio Solution File, Format Version 12.00
# Visual Studio Version 16
VisualStudioVersion = 16.0.30717.126
MinimumVisualStudioVersion = 10.0.40219.1
Project("{9A19103F-16F7-4668-BE54-9A1E7A4F7556}") = "SpartaProjectWebApp", "SpartaProjectWebApp\SpartaProjectWebApp.csproj", "{D240C7C1-49BB-42E1-8C9B-50000718DA5F}"
EndProject
Project("{FAE04EC0-301F-11D3-BF4B-00C04F79EFBC}") = "WebAppTests", "WebAppTests\WebAppTests.csproj", "{01874EF7-C9BF-4758-822E-4DE2D26B3C08}"
EndProject
Global
	GlobalSection(SolutionConfigurationPlatforms) = preSolution
		Debug|Any CPU = Debug|Any CPU
		Release|Any CPU = Release|Any CPU
	EndGlobalSection
	GlobalSection(ProjectConfigurationPlatforms) = postSolution
		{D240C7C1-49BB-42E1-8C9B-50000718DA5F}.Debug|Any CPU.ActiveCfg = Debug|Any CPU
		{D240C7C1-49BB-42E1-8C9B-50000718DA5F}.Debug|Any CPU.Build.0 = Debug|Any CPU
		{D240C7C1-49BB-42E1-8C9B-50000718DA5F}.Release|Any CPU.ActiveCfg = Release|Any CPU
		{D240C7C1-49BB-42E1-8C9B-50000718DA5F}.Release|Any CPU.Build.0 = Release|Any CPU
		{01874EF7-C9BF-4758-822E-4DE2D26B3C08}.Debug|Any CPU.ActiveCfg = Debug|Any CPU
		{01874EF7-C9BF-4758-822E-4DE2D26B3C08}.Debug|Any CPU.Build.0 = Debug|Any CPU
		{01874EF7-C9BF-4758-822E-4DE2D26B3C08}.Release|Any CPU.ActiveCfg = Release|Any CPU
		{01874EF7-C9BF-4758-822E-4DE2D26B3C08}.Release|Any CPU.Build.0 = Release|Any CPU
	EndGlobalSection
	GlobalSection(SolutionProperties) = preSolution
		HideSolutionNode = FALSE
	EndGlobalSection
	GlobalSection(ExtensibilityGlobals) = postSolution
		SolutionGuid = {B19E3462-4EA2-4938-BA8B-8FCD525FACA5}
	EndGlobalSection
EndGlobal
